
Microsoft Visual Studio Solution File, Format Version 12.00
# Visual Studio 2013
VisualStudioVersion = 12.0.21005.1
MinimumVisualStudioVersion = 10.0.40219.1
Project("{E24C65DC-7377-472B-9ABA-BC803B73C61A}") = "json.date-extensions", "http://localhost:56663", "{62095A1B-0EF7-44B9-8AF6-5210F7F560DB}"
	ProjectSection(WebsiteProperties) = preProject
		UseIISExpress = "true"
		TargetFrameworkMoniker = ".NETFramework,Version%3Dv4.0"
		Debug.AspNetCompiler.VirtualPath = "/localhost_56663"
		Debug.AspNetCompiler.PhysicalPath = "..\json.date-extensions\"
		Debug.AspNetCompiler.TargetPath = "PrecompiledWeb\localhost_56663\"
		Debug.AspNetCompiler.Updateable = "true"
		Debug.AspNetCompiler.ForceOverwrite = "true"
		Debug.AspNetCompiler.FixedNames = "false"
		Debug.AspNetCompiler.Debug = "True"
		Release.AspNetCompiler.VirtualPath = "/localhost_56663"
		Release.AspNetCompiler.PhysicalPath = "..\json.date-extensions\"
		Release.AspNetCompiler.TargetPath = "PrecompiledWeb\localhost_56663\"
		Release.AspNetCompiler.Updateable = "true"
		Release.AspNetCompiler.ForceOverwrite = "true"
		Release.AspNetCompiler.FixedNames = "false"
		Release.AspNetCompiler.Debug = "False"
		SlnRelativePath = "..\json.date-extensions\"
	EndProjectSection
EndProject
Global
	GlobalSection(SolutionConfigurationPlatforms) = preSolution
		Debug|Any CPU = Debug|Any CPU
	EndGlobalSection
	GlobalSection(ProjectConfigurationPlatforms) = postSolution
		{62095A1B-0EF7-44B9-8AF6-5210F7F560DB}.Debug|Any CPU.ActiveCfg = Debug|Any CPU
		{62095A1B-0EF7-44B9-8AF6-5210F7F560DB}.Debug|Any CPU.Build.0 = Debug|Any CPU
	EndGlobalSection
	GlobalSection(SolutionProperties) = preSolution
		HideSolutionNode = FALSE
	EndGlobalSection
EndGlobal
